
Microsoft Visual Studio Solution File, Format Version 12.00
# Visual Studio Version 17
VisualStudioVersion = 17.7.34031.279
MinimumVisualStudioVersion = 10.0.40219.1
Project("{FAE04EC0-301F-11D3-BF4B-00C04F79EFBC}") = "MusicLike", "MusicLike\MusicLike.csproj", "{0760655B-8944-48AA-AC7E-4E13F39F003D}"
EndProject
Global
	GlobalSection(SolutionConfigurationPlatforms) = preSolution
		Debug|Any CPU = Debug|Any CPU
		Release|Any CPU = Release|Any CPU
	EndGlobalSection
	GlobalSection(ProjectConfigurationPlatforms) = postSolution
		{0760655B-8944-48AA-AC7E-4E13F39F003D}.Debug|Any CPU.ActiveCfg = Debug|Any CPU
		{0760655B-8944-48AA-AC7E-4E13F39F003D}.Debug|Any CPU.Build.0 = Debug|Any CPU
		{0760655B-8944-48AA-AC7E-4E13F39F003D}.Release|Any CPU.ActiveCfg = Release|Any CPU
		{0760655B-8944-48AA-AC7E-4E13F39F003D}.Release|Any CPU.Build.0 = Release|Any CPU
	EndGlobalSection
	GlobalSection(SolutionProperties) = preSolution
		HideSolutionNode = FALSE
	EndGlobalSection
	GlobalSection(ExtensibilityGlobals) = postSolution
		SolutionGuid = {3863BA1C-B0AA-4A8C-8402-B930304C3D12}
	EndGlobalSection
EndGlobal
